Microsoft Visual Studio Solution File, Format Version 12.00
# Visual Studio Version 17
VisualStudioVersion = 17.5.2.0
MinimumVisualStudioVersion = 10.0.40219.1
Project("{FAE04EC0-301F-11D3-BF4B-00C04F79EFBC}") = "CssExtractor.MSBuild", "CssExtractor.MSBuild.csproj", "{B1E44011-54C7-A11A-F0F5-BACEA96BC213}"
EndProject
Global
	GlobalSection(SolutionConfigurationPlatforms) = preSolution
		Debug|Any CPU = Debug|Any CPU
		Release|Any CPU = Release|Any CPU
	EndGlobalSection
	GlobalSection(ProjectConfigurationPlatforms) = postSolution
		{B1E44011-54C7-A11A-F0F5-BACEA96BC213}.Debug|Any CPU.ActiveCfg = Debug|Any CPU
		{B1E44011-54C7-A11A-F0F5-BACEA96BC213}.Debug|Any CPU.Build.0 = Debug|Any CPU
		{B1E44011-54C7-A11A-F0F5-BACEA96BC213}.Release|Any CPU.ActiveCfg = Release|Any CPU
		{B1E44011-54C7-A11A-F0F5-BACEA96BC213}.Release|Any CPU.Build.0 = Release|Any CPU
	EndGlobalSection
	GlobalSection(SolutionProperties) = preSolution
		HideSolutionNode = FALSE
	EndGlobalSection
	GlobalSection(ExtensibilityGlobals) = postSolution
		SolutionGuid = {783B2888-A318-4298-8BA9-B823F313063B}
	EndGlobalSection
EndGlobal
